
Microsoft Visual Studio Solution File, Format Version 12.00
# Visual Studio Version 17
VisualStudioVersion = 17.2.32505.173
MinimumVisualStudioVersion = 10.0.40219.1
Project("{FAE04EC0-301F-11D3-BF4B-00C04F79EFBC}") = "MovieECommerce", "MovieECommerce\MovieECommerce.csproj", "{80CA6E0C-3862-48C6-8972-7FF95B39AF1C}"
EndProject
Global
	GlobalSection(SolutionConfigurationPlatforms) = preSolution
		Debug|Any CPU = Debug|Any CPU
		Release|Any CPU = Release|Any CPU
	EndGlobalSection
	GlobalSection(ProjectConfigurationPlatforms) = postSolution
		{80CA6E0C-3862-48C6-8972-7FF95B39AF1C}.Debug|Any CPU.ActiveCfg = Debug|Any CPU
		{80CA6E0C-3862-48C6-8972-7FF95B39AF1C}.Debug|Any CPU.Build.0 = Debug|Any CPU
		{80CA6E0C-3862-48C6-8972-7FF95B39AF1C}.Release|Any CPU.ActiveCfg = Release|Any CPU
		{80CA6E0C-3862-48C6-8972-7FF95B39AF1C}.Release|Any CPU.Build.0 = Release|Any CPU
	EndGlobalSection
	GlobalSection(SolutionProperties) = preSolution
		HideSolutionNode = FALSE
	EndGlobalSection
	GlobalSection(ExtensibilityGlobals) = postSolution
		SolutionGuid = {FF283984-742D-46D4-945E-4F0B4A266DF0}
	EndGlobalSection
EndGlobal
